
Microsoft Visual Studio Solution File, Format Version 12.00
# Visual Studio Version 17
VisualStudioVersion = 17.10.34928.147
MinimumVisualStudioVersion = 10.0.40219.1
Project("{9A19103F-16F7-4668-BE54-9A1E7A4F7556}") = "itinerario", "itinerario.csproj", "{F369844D-CB9B-465C-943D-55BE28EE322A}"
EndProject
Global
	GlobalSection(SolutionConfigurationPlatforms) = preSolution
		Debug|Any CPU = Debug|Any CPU
		Release|Any CPU = Release|Any CPU
	EndGlobalSection
	GlobalSection(ProjectConfigurationPlatforms) = postSolution
		{F369844D-CB9B-465C-943D-55BE28EE322A}.Debug|Any CPU.ActiveCfg = Debug|Any CPU
		{F369844D-CB9B-465C-943D-55BE28EE322A}.Debug|Any CPU.Build.0 = Debug|Any CPU
		{F369844D-CB9B-465C-943D-55BE28EE322A}.Release|Any CPU.ActiveCfg = Release|Any CPU
		{F369844D-CB9B-465C-943D-55BE28EE322A}.Release|Any CPU.Build.0 = Release|Any CPU
	EndGlobalSection
	GlobalSection(SolutionProperties) = preSolution
		HideSolutionNode = FALSE
	EndGlobalSection
	GlobalSection(ExtensibilityGlobals) = postSolution
		SolutionGuid = {4F7E4BEF-435B-4945-AFCB-B35215D2695A}
	EndGlobalSection
EndGlobal
